
Microsoft Visual Studio Solution File, Format Version 12.00
# Visual Studio Version 17
VisualStudioVersion = 17.0.31903.59
MinimumVisualStudioVersion = 10.0.40219.1
Project("{2150E333-8FDC-42A3-9474-1A3956D46DE8}") = "services", "services", "{3FD7E119-AD2E-4238-8A99-59DC46828126}"
EndProject
Project("{9A19103F-16F7-4668-BE54-9A1E7A4F7556}") = "Item.API", "services\Item\Item.API\Item.API.csproj", "{77E03A38-A80D-4808-99AA-D58BBC78FC15}"
EndProject
Project("{9A19103F-16F7-4668-BE54-9A1E7A4F7556}") = "Item.Application", "services\Item\Item.Application\Item.Application.csproj", "{7750464C-B42F-4DDD-B46F-68CD756BDB4F}"
EndProject
Project("{9A19103F-16F7-4668-BE54-9A1E7A4F7556}") = "Item.DataAccess", "services\Item\Item.DataAccess\Item.DataAccess.csproj", "{57F390A5-2D76-4E3B-A40F-48802DD36E68}"
EndProject
Project("{9A19103F-16F7-4668-BE54-9A1E7A4F7556}") = "Item.Domain", "services\Item\Item.Domain\Item.Domain.csproj", "{28562033-613D-461D-AE8F-F348CFA3D9BB}"
EndProject
Global
	GlobalSection(SolutionConfigurationPlatforms) = preSolution
		Debug|Any CPU = Debug|Any CPU
		Release|Any CPU = Release|Any CPU
	EndGlobalSection
	GlobalSection(ProjectConfigurationPlatforms) = postSolution
		{77E03A38-A80D-4808-99AA-D58BBC78FC15}.Debug|Any CPU.ActiveCfg = Debug|Any CPU
		{77E03A38-A80D-4808-99AA-D58BBC78FC15}.Debug|Any CPU.Build.0 = Debug|Any CPU
		{77E03A38-A80D-4808-99AA-D58BBC78FC15}.Release|Any CPU.ActiveCfg = Release|Any CPU
		{77E03A38-A80D-4808-99AA-D58BBC78FC15}.Release|Any CPU.Build.0 = Release|Any CPU
		{7750464C-B42F-4DDD-B46F-68CD756BDB4F}.Debug|Any CPU.ActiveCfg = Debug|Any CPU
		{7750464C-B42F-4DDD-B46F-68CD756BDB4F}.Debug|Any CPU.Build.0 = Debug|Any CPU
		{7750464C-B42F-4DDD-B46F-68CD756BDB4F}.Release|Any CPU.ActiveCfg = Release|Any CPU
		{7750464C-B42F-4DDD-B46F-68CD756BDB4F}.Release|Any CPU.Build.0 = Release|Any CPU
		{57F390A5-2D76-4E3B-A40F-48802DD36E68}.Debug|Any CPU.ActiveCfg = Debug|Any CPU
		{57F390A5-2D76-4E3B-A40F-48802DD36E68}.Debug|Any CPU.Build.0 = Debug|Any CPU
		{57F390A5-2D76-4E3B-A40F-48802DD36E68}.Release|Any CPU.ActiveCfg = Release|Any CPU
		{57F390A5-2D76-4E3B-A40F-48802DD36E68}.Release|Any CPU.Build.0 = Release|Any CPU
		{28562033-613D-461D-AE8F-F348CFA3D9BB}.Debug|Any CPU.ActiveCfg = Debug|Any CPU
		{28562033-613D-461D-AE8F-F348CFA3D9BB}.Debug|Any CPU.Build.0 = Debug|Any CPU
		{28562033-613D-461D-AE8F-F348CFA3D9BB}.Release|Any CPU.ActiveCfg = Release|Any CPU
		{28562033-613D-461D-AE8F-F348CFA3D9BB}.Release|Any CPU.Build.0 = Release|Any CPU
	EndGlobalSection
	GlobalSection(SolutionProperties) = preSolution
		HideSolutionNode = FALSE
	EndGlobalSection
	GlobalSection(NestedProjects) = preSolution
		{77E03A38-A80D-4808-99AA-D58BBC78FC15} = {3FD7E119-AD2E-4238-8A99-59DC46828126}
		{7750464C-B42F-4DDD-B46F-68CD756BDB4F} = {3FD7E119-AD2E-4238-8A99-59DC46828126}
		{57F390A5-2D76-4E3B-A40F-48802DD36E68} = {3FD7E119-AD2E-4238-8A99-59DC46828126}
		{28562033-613D-461D-AE8F-F348CFA3D9BB} = {3FD7E119-AD2E-4238-8A99-59DC46828126}
	EndGlobalSection
	GlobalSection(ExtensibilityGlobals) = postSolution
		SolutionGuid = {BE5ED1EB-F793-45D9-BAB8-D9A1A57B85B9}
	EndGlobalSection
EndGlobal
